
Microsoft Visual Studio Solution File, Format Version 12.00
# Visual Studio Version 17
VisualStudioVersion = 17.5.33516.290
MinimumVisualStudioVersion = 10.0.40219.1
Project("{FAE04EC0-301F-11D3-BF4B-00C04F79EFBC}") = "RollupTestProject", "RollupTestProject\RollupTestProject.csproj", "{5FAE849E-591F-46E6-96D2-78E786AB8E09}"
EndProject
Project("{FAE04EC0-301F-11D3-BF4B-00C04F79EFBC}") = "RollupTestUnit", "RollupTestUnit\RollupTestUnit.csproj", "{B863366D-7DA9-4B92-89EE-0A483D44F331}"
EndProject
Global
	GlobalSection(SolutionConfigurationPlatforms) = preSolution
		Debug|Any CPU = Debug|Any CPU
		Release|Any CPU = Release|Any CPU
	EndGlobalSection
	GlobalSection(ProjectConfigurationPlatforms) = postSolution
		{5FAE849E-591F-46E6-96D2-78E786AB8E09}.Debug|Any CPU.ActiveCfg = Debug|Any CPU
		{5FAE849E-591F-46E6-96D2-78E786AB8E09}.Debug|Any CPU.Build.0 = Debug|Any CPU
		{5FAE849E-591F-46E6-96D2-78E786AB8E09}.Release|Any CPU.ActiveCfg = Release|Any CPU
		{5FAE849E-591F-46E6-96D2-78E786AB8E09}.Release|Any CPU.Build.0 = Release|Any CPU
		{B863366D-7DA9-4B92-89EE-0A483D44F331}.Debug|Any CPU.ActiveCfg = Debug|Any CPU
		{B863366D-7DA9-4B92-89EE-0A483D44F331}.Debug|Any CPU.Build.0 = Debug|Any CPU
		{B863366D-7DA9-4B92-89EE-0A483D44F331}.Release|Any CPU.ActiveCfg = Release|Any CPU
		{B863366D-7DA9-4B92-89EE-0A483D44F331}.Release|Any CPU.Build.0 = Release|Any CPU
	EndGlobalSection
	GlobalSection(SolutionProperties) = preSolution
		HideSolutionNode = FALSE
	EndGlobalSection
	GlobalSection(ExtensibilityGlobals) = postSolution
		SolutionGuid = {712631E7-8A18-4EA7-B044-7987D083C02E}
	EndGlobalSection
EndGlobal
